{
  "name": "gara",
  "lockfileVersion": 3,
  "requires": true,
  "packages": {
    "": {
      "dependencies": {
        "node-cin": "^2023.2.5",
        "typescript": "^4.9.5"
      }
    },
    "node_modules/@thundernetworkrad/readline-sync": {
      "version": "2023.1.30",
      "resolved": "https://registry.npmjs.org/@thundernetworkrad/readline-sync/-/readline-sync-2023.1.30.tgz",
      "integrity": "sha512-vURr/jHuyum/ZRscvnkIgyIUV6VRj/ueMGGQ4tPLs8Gi4iwm4xJn2kg/Qmrnp6VdlnFDcOB3ogoMyJ0FQWkNkw==",
      "engines": {
        "node": ">= 0.8.0"
      }
    },
    "node_modules/@types/node": {
      "version": "18.14.0",
      "resolved": "https://registry.npmjs.org/@types/node/-/node-18.14.0.tgz",
      "integrity": "sha512-5EWrvLmglK+imbCJY0+INViFWUHg1AHel1sq4ZVSfdcNqGy9Edv3UB9IIzzg+xPaUcAgZYcfVs2fBcwDeZzU0A=="
    },
    "node_modules/node-cin": {
      "version": "2023.2.5",
      "resolved": "https://registry.npmjs.org/node-cin/-/node-cin-2023.2.5.tgz",
      "integrity": "sha512-FaM3Hc2CeNO1ZkikDtlvf8LP81qlXZo9o87FzcYmRRzO9UZCKUqynGnGmPqFLwMF1xOlt5xoj4Y3OIV7YiQ09g==",
      "dependencies": {
        "@thundernetworkrad/readline-sync": "^2023.1.30",
        "@types/node": "^18.11.18",
        "tslib": "^2.5.0",
        "typescript": "^4.9.4"
      }
    },
    "node_modules/tslib": {
      "version": "2.5.0",
      "resolved": "https://registry.npmjs.org/tslib/-/tslib-2.5.0.tgz",
      "integrity": "sha512-336iVw3rtn2BUK7ORdIAHTyxHGRIHVReokCR3XjbckJMK7ms8FysBfhLR8IXnAgy7T0PTPNBWKiH514FOW/WSg=="
    },
    "node_modules/typescript": {
      "version": "4.9.5",
      "resolved": "https://registry.npmjs.org/typescript/-/typescript-4.9.5.tgz",
      "integrity": "sha512-1FXk9E2Hm+QzZQ7z+McJiHL4NW1F2EzMu9Nq9i3zAaGqibafqYwCVU6WyWAuyQRRzOlxou8xZSyXLEN8oKj24g==",
      "bin": {
        "tsc": "bin/tsc",
        "tsserver": "bin/tsserver"
      },
      "engines": {
        "node": ">=4.2.0"
      }
    }
  }
}
